
Microsoft Visual Studio Solution File, Format Version 12.00
# Visual Studio Version 16
VisualStudioVersion = 16.0.29020.237
MinimumVisualStudioVersion = 10.0.40219.1
Project("{9A19103F-16F7-4668-BE54-9A1E7A4F7556}") = "SEO-API", "SEO-API\SEO-API.csproj", "{D7C18D9A-50CC-41EA-874A-7AFF793C38E1}"
EndProject
Project("{9A19103F-16F7-4668-BE54-9A1E7A4F7556}") = "SeoBLL", "SeoBLL\SeoBLL.csproj", "{48D5051A-40E8-421E-A38C-C82B23095F90}"
EndProject
Project("{9A19103F-16F7-4668-BE54-9A1E7A4F7556}") = "ReactApp", "ReactApp\ReactApp.csproj", "{BF87058F-A7A2-4EEF-A5B7-19D2C55D9E16}"
EndProject
Project("{2150E333-8FDC-42A3-9474-1A3956D46DE8}") = "Solution Items", "Solution Items", "{B5708B98-EC86-4F93-9A49-A9D51D5A74BE}"
	ProjectSection(SolutionItems) = preProject
		..\..\..\Desktop\main_page.png = ..\..\..\Desktop\main_page.png
		README.md = README.md
		..\..\..\Desktop\schedule.png = ..\..\..\Desktop\schedule.png
	EndProjectSection
EndProject
Global
	GlobalSection(SolutionConfigurationPlatforms) = preSolution
		Debug|Any CPU = Debug|Any CPU
		Release|Any CPU = Release|Any CPU
	EndGlobalSection
	GlobalSection(ProjectConfigurationPlatforms) = postSolution
		{D7C18D9A-50CC-41EA-874A-7AFF793C38E1}.Debug|Any CPU.ActiveCfg = Debug|Any CPU
		{D7C18D9A-50CC-41EA-874A-7AFF793C38E1}.Debug|Any CPU.Build.0 = Debug|Any CPU
		{D7C18D9A-50CC-41EA-874A-7AFF793C38E1}.Release|Any CPU.ActiveCfg = Release|Any CPU
		{D7C18D9A-50CC-41EA-874A-7AFF793C38E1}.Release|Any CPU.Build.0 = Release|Any CPU
		{48D5051A-40E8-421E-A38C-C82B23095F90}.Debug|Any CPU.ActiveCfg = Debug|Any CPU
		{48D5051A-40E8-421E-A38C-C82B23095F90}.Debug|Any CPU.Build.0 = Debug|Any CPU
		{48D5051A-40E8-421E-A38C-C82B23095F90}.Release|Any CPU.ActiveCfg = Release|Any CPU
		{48D5051A-40E8-421E-A38C-C82B23095F90}.Release|Any CPU.Build.0 = Release|Any CPU
		{BF87058F-A7A2-4EEF-A5B7-19D2C55D9E16}.Debug|Any CPU.ActiveCfg = Debug|Any CPU
		{BF87058F-A7A2-4EEF-A5B7-19D2C55D9E16}.Debug|Any CPU.Build.0 = Debug|Any CPU
		{BF87058F-A7A2-4EEF-A5B7-19D2C55D9E16}.Release|Any CPU.ActiveCfg = Release|Any CPU
		{BF87058F-A7A2-4EEF-A5B7-19D2C55D9E16}.Release|Any CPU.Build.0 = Release|Any CPU
	EndGlobalSection
	GlobalSection(SolutionProperties) = preSolution
		HideSolutionNode = FALSE
	EndGlobalSection
	GlobalSection(ExtensibilityGlobals) = postSolution
		SolutionGuid = {F7A699FF-00F8-4850-AE9C-7C324345C289}
	EndGlobalSection
EndGlobal
